
Microsoft Visual Studio Solution File, Format Version 12.00
# Visual Studio Version 17
VisualStudioVersion = 17.14.36105.17 d17.14
MinimumVisualStudioVersion = 10.0.40219.1
Project("{FAE04EC0-301F-11D3-BF4B-00C04F79EFBC}") = "mazier", "mazier\mazier.csproj", "{3585AB43-DA49-42DF-B3AB-0CCB2706782F}"
EndProject
Global
	GlobalSection(SolutionConfigurationPlatforms) = preSolution
		Debug|Any CPU = Debug|Any CPU
		Release|Any CPU = Release|Any CPU
	EndGlobalSection
	GlobalSection(ProjectConfigurationPlatforms) = postSolution
		{3585AB43-DA49-42DF-B3AB-0CCB2706782F}.Debug|Any CPU.ActiveCfg = Debug|Any CPU
		{3585AB43-DA49-42DF-B3AB-0CCB2706782F}.Debug|Any CPU.Build.0 = Debug|Any CPU
		{3585AB43-DA49-42DF-B3AB-0CCB2706782F}.Release|Any CPU.ActiveCfg = Release|Any CPU
		{3585AB43-DA49-42DF-B3AB-0CCB2706782F}.Release|Any CPU.Build.0 = Release|Any CPU
	EndGlobalSection
	GlobalSection(SolutionProperties) = preSolution
		HideSolutionNode = FALSE
	EndGlobalSection
	GlobalSection(ExtensibilityGlobals) = postSolution
		SolutionGuid = {2C493804-DFA2-4783-B142-19A7A157C42A}
	EndGlobalSection
EndGlobal
